
Microsoft Visual Studio Solution File, Format Version 12.00
# Visual Studio Version 17
VisualStudioVersion = 17.9.34714.143
MinimumVisualStudioVersion = 10.0.40219.1
Project("{FAE04EC0-301F-11D3-BF4B-00C04F79EFBC}") = "APMCoreFixes", "APMCoreFixes\APMCoreFixes.csproj", "{B8BF8051-E056-444A-9BC2-32CC4AF19CC6}"
EndProject
Project("{FAE04EC0-301F-11D3-BF4B-00C04F79EFBC}") = "emoneyUIFixes", "emoneyUIFixes\emoneyUIFixes.csproj", "{7C856E5E-3CF1-49CA-B345-44DDE36D0414}"
EndProject
Project("{FAE04EC0-301F-11D3-BF4B-00C04F79EFBC}") = "APMHeadbananaLink", "APMHeadbananaLink\APMHeadbananaLink.csproj", "{C91294FD-329F-42D3-A4C2-FDDD3721AB75}"
EndProject
Project("{FAE04EC0-301F-11D3-BF4B-00C04F79EFBC}") = "EXMoney", "EXMoney\EXMoney.csproj", "{5A5E8615-E597-4BC5-B29C-C9BF48B8FD41}"
EndProject
Project("{FAE04EC0-301F-11D3-BF4B-00C04F79EFBC}") = "SEGA835Lib", "..\SEGA835Lib\SEGA835Lib\SEGA835Lib.csproj", "{682C892C-B937-4966-A9BB-38F5C98519AB}"
EndProject
Project("{FAE04EC0-301F-11D3-BF4B-00C04F79EFBC}") = "SegApiCS", "..\SegApiCS\SegApiCS\SegApiCS.csproj", "{093885E5-3C56-41E3-9065-FD340BCED55B}"
EndProject
Project("{2150E333-8FDC-42A3-9474-1A3956D46DE8}") = "External", "External", "{775A1E3F-C32B-4C6F-B092-B57B0B95AC82}"
EndProject
Project("{2150E333-8FDC-42A3-9474-1A3956D46DE8}") = "Resources", "Resources", "{37F069C8-D2A2-42B1-9DEF-1D3B90B6D8C2}"
	ProjectSection(SolutionItems) = preProject
		Resources\GeneralSetting.json = Resources\GeneralSetting.json
		Resources\ICF1 = Resources\ICF1
		Resources\guide.json = Resources\guide.json
		Resources\config.json = Resources\config.json
	EndProjectSection
EndProject
Project("{8BC9CEB8-8B4A-11D0-8D11-00A0C91BC942}") = "APMHeadbanana", "APMHeadbanana\APMHeadbanana.vcxproj", "{5B6523C2-6078-4A7E-A69F-816144D1E14F}"
EndProject
Project("{2150E333-8FDC-42A3-9474-1A3956D46DE8}") = "Solution Items", "Solution Items", "{D3085420-274E-4A01-92DE-1DE1CE737721}"
	ProjectSection(SolutionItems) = preProject
		.gitignore = .gitignore
		README.md = README.md
		BuildPackage.ps1 = BuildPackage.ps1
		.github\workflows\dotnet.yml = .github\workflows\dotnet.yml
	EndProjectSection
EndProject
Project("{2150E333-8FDC-42A3-9474-1A3956D46DE8}") = "Readme", "Readme", "{05B490E7-32A7-4426-A113-2F1A50971F11}"
	ProjectSection(SolutionItems) = preProject
		Readme\preview.jpg = Readme\preview.jpg
		Readme\guide.png = Readme\guide.png
	EndProjectSection
EndProject
Project("{FAE04EC0-301F-11D3-BF4B-00C04F79EFBC}") = "APMMenuTranslation", "APMMenuTranslation\APMMenuTranslation.csproj", "{7121641F-8085-456F-A5A9-1F98DD495CA5}"
EndProject
Global
	GlobalSection(SolutionConfigurationPlatforms) = preSolution
		Debug|Any CPU = Debug|Any CPU
		Release|Any CPU = Release|Any CPU
	EndGlobalSection
	GlobalSection(ProjectConfigurationPlatforms) = postSolution
		{B8BF8051-E056-444A-9BC2-32CC4AF19CC6}.Debug|Any CPU.ActiveCfg = Debug|Any CPU
		{B8BF8051-E056-444A-9BC2-32CC4AF19CC6}.Debug|Any CPU.Build.0 = Debug|Any CPU
		{B8BF8051-E056-444A-9BC2-32CC4AF19CC6}.Release|Any CPU.ActiveCfg = Release|Any CPU
		{B8BF8051-E056-444A-9BC2-32CC4AF19CC6}.Release|Any CPU.Build.0 = Release|Any CPU
		{7C856E5E-3CF1-49CA-B345-44DDE36D0414}.Debug|Any CPU.ActiveCfg = Debug|Any CPU
		{7C856E5E-3CF1-49CA-B345-44DDE36D0414}.Debug|Any CPU.Build.0 = Debug|Any CPU
		{7C856E5E-3CF1-49CA-B345-44DDE36D0414}.Release|Any CPU.ActiveCfg = Release|Any CPU
		{7C856E5E-3CF1-49CA-B345-44DDE36D0414}.Release|Any CPU.Build.0 = Release|Any CPU
		{C91294FD-329F-42D3-A4C2-FDDD3721AB75}.Debug|Any CPU.ActiveCfg = Debug|Any CPU
		{C91294FD-329F-42D3-A4C2-FDDD3721AB75}.Debug|Any CPU.Build.0 = Debug|Any CPU
		{C91294FD-329F-42D3-A4C2-FDDD3721AB75}.Release|Any CPU.ActiveCfg = Release|Any CPU
		{C91294FD-329F-42D3-A4C2-FDDD3721AB75}.Release|Any CPU.Build.0 = Release|Any CPU
		{5A5E8615-E597-4BC5-B29C-C9BF48B8FD41}.Debug|Any CPU.ActiveCfg = Debug|Any CPU
		{5A5E8615-E597-4BC5-B29C-C9BF48B8FD41}.Debug|Any CPU.Build.0 = Debug|Any CPU
		{5A5E8615-E597-4BC5-B29C-C9BF48B8FD41}.Release|Any CPU.ActiveCfg = Release|Any CPU
		{5A5E8615-E597-4BC5-B29C-C9BF48B8FD41}.Release|Any CPU.Build.0 = Release|Any CPU
		{682C892C-B937-4966-A9BB-38F5C98519AB}.Debug|Any CPU.ActiveCfg = Debug|Any CPU
		{682C892C-B937-4966-A9BB-38F5C98519AB}.Debug|Any CPU.Build.0 = Debug|Any CPU
		{682C892C-B937-4966-A9BB-38F5C98519AB}.Release|Any CPU.ActiveCfg = Release|Any CPU
		{682C892C-B937-4966-A9BB-38F5C98519AB}.Release|Any CPU.Build.0 = Release|Any CPU
		{093885E5-3C56-41E3-9065-FD340BCED55B}.Debug|Any CPU.ActiveCfg = Debug|Any CPU
		{093885E5-3C56-41E3-9065-FD340BCED55B}.Debug|Any CPU.Build.0 = Debug|Any CPU
		{093885E5-3C56-41E3-9065-FD340BCED55B}.Release|Any CPU.ActiveCfg = Release|Any CPU
		{093885E5-3C56-41E3-9065-FD340BCED55B}.Release|Any CPU.Build.0 = Release|Any CPU
		{5B6523C2-6078-4A7E-A69F-816144D1E14F}.Debug|Any CPU.ActiveCfg = Debug|x64
		{5B6523C2-6078-4A7E-A69F-816144D1E14F}.Debug|Any CPU.Build.0 = Debug|x64
		{5B6523C2-6078-4A7E-A69F-816144D1E14F}.Release|Any CPU.ActiveCfg = Release|x64
		{5B6523C2-6078-4A7E-A69F-816144D1E14F}.Release|Any CPU.Build.0 = Release|x64
		{7121641F-8085-456F-A5A9-1F98DD495CA5}.Debug|Any CPU.ActiveCfg = Debug|Any CPU
		{7121641F-8085-456F-A5A9-1F98DD495CA5}.Debug|Any CPU.Build.0 = Debug|Any CPU
		{7121641F-8085-456F-A5A9-1F98DD495CA5}.Release|Any CPU.ActiveCfg = Release|Any CPU
		{7121641F-8085-456F-A5A9-1F98DD495CA5}.Release|Any CPU.Build.0 = Release|Any CPU
	EndGlobalSection
	GlobalSection(SolutionProperties) = preSolution
		HideSolutionNode = FALSE
	EndGlobalSection
	GlobalSection(ExtensibilityGlobals) = postSolution
		SolutionGuid = {5B1786BE-211B-4386-863A-A8B017152498}
	EndGlobalSection
	GlobalSection(NestedProjects) = preSolution
		{093885E5-3C56-41E3-9065-FD340BCED55B} = {775A1E3F-C32B-4C6F-B092-B57B0B95AC82}
		{682C892C-B937-4966-A9BB-38F5C98519AB} = {775A1E3F-C32B-4C6F-B092-B57B0B95AC82}
	EndGlobalSection
EndGlobal
